
Microsoft Visual Studio Solution File, Format Version 12.00
# Visual Studio Version 17
VisualStudioVersion = 17.1.32421.90
MinimumVisualStudioVersion = 10.0.40219.1
Project("{FAE04EC0-301F-11D3-BF4B-00C04F79EFBC}") = "HASAKI_ENTITY", "HASAKI_ENTITY\HASAKI_ENTITY.csproj", "{EB7544E5-3995-4018-B95D-5ACBD7AC8108}"
EndProject
Global
	GlobalSection(SolutionConfigurationPlatforms) = preSolution
		Debug|Any CPU = Debug|Any CPU
		Release|Any CPU = Release|Any CPU
	EndGlobalSection
	GlobalSection(ProjectConfigurationPlatforms) = postSolution
		{EB7544E5-3995-4018-B95D-5ACBD7AC8108}.Debug|Any CPU.ActiveCfg = Debug|Any CPU
		{EB7544E5-3995-4018-B95D-5ACBD7AC8108}.Debug|Any CPU.Build.0 = Debug|Any CPU
		{EB7544E5-3995-4018-B95D-5ACBD7AC8108}.Release|Any CPU.ActiveCfg = Release|Any CPU
		{EB7544E5-3995-4018-B95D-5ACBD7AC8108}.Release|Any CPU.Build.0 = Release|Any CPU
	EndGlobalSection
	GlobalSection(SolutionProperties) = preSolution
		HideSolutionNode = FALSE
	EndGlobalSection
	GlobalSection(ExtensibilityGlobals) = postSolution
		SolutionGuid = {96D4CBAD-D61B-4FAC-9BBD-8F9600EB9492}
	EndGlobalSection
EndGlobal
